<Solution>
  <Project Path="backend/ApiGateway/ApiGateway.csproj" />
  <Project Path="backend/NotificationService/NotificationService.csproj" Id="4014a6f3-b91f-4f27-9ac1-5a5f1e6a9609" />
  <Project Path="backend/OrderService/OrderService.csproj" Id="3099b357-93b5-4e3d-886e-195c0d8f4785" />
  <Project Path="backend/OrderService/Tests/OrderService.Tests.csproj" />
  <Project Path="backend/PaymentService/PaymentService.csproj" Id="7b92caef-0353-4bd1-92d2-bea71821988f" />
  <Project Path="backend/RestaurantService/RestaurantService.csproj" Id="9f493d9d-24fb-4da9-904c-da3a470f0308" />
  <Project Path="backend/UserService/UserService.csproj" />
  <Project Path="backend/UserService/Tests/UserService.Tests.csproj" />
</Solution>
