Microsoft Visual Studio Solution File, Format Version 12.00
# Visual Studio Version 17
VisualStudioVersion = 17.5.2.0
MinimumVisualStudioVersion = 10.0.40219.1
Project("{FAE04EC0-301F-11D3-BF4B-00C04F79EFBC}") = "UserService", "UserService.csproj", "{3B98574C-C3D9-E5A0-8677-20729192D278}"
EndProject
Project("{2150E333-8FDC-42A3-9474-1A3956D46DE8}") = "Tests", "Tests", "{0AB3BF05-4346-4AA6-1389-037BE0695223}"
EndProject
Project("{FAE04EC0-301F-11D3-BF4B-00C04F79EFBC}") = "UserService.Tests", "Tests\UserService.Tests.csproj", "{EB865A43-541A-149B-5764-5FEDC5AC5ED9}"
EndProject
Global
	GlobalSection(SolutionConfigurationPlatforms) = preSolution
		Debug|Any CPU = Debug|Any CPU
		Release|Any CPU = Release|Any CPU
	EndGlobalSection
	GlobalSection(ProjectConfigurationPlatforms) = postSolution
		{3B98574C-C3D9-E5A0-8677-20729192D278}.Debug|Any CPU.ActiveCfg = Debug|Any CPU
		{3B98574C-C3D9-E5A0-8677-20729192D278}.Debug|Any CPU.Build.0 = Debug|Any CPU
		{3B98574C-C3D9-E5A0-8677-20729192D278}.Release|Any CPU.ActiveCfg = Release|Any CPU
		{3B98574C-C3D9-E5A0-8677-20729192D278}.Release|Any CPU.Build.0 = Release|Any CPU
		{EB865A43-541A-149B-5764-5FEDC5AC5ED9}.Debug|Any CPU.ActiveCfg = Debug|Any CPU
		{EB865A43-541A-149B-5764-5FEDC5AC5ED9}.Debug|Any CPU.Build.0 = Debug|Any CPU
		{EB865A43-541A-149B-5764-5FEDC5AC5ED9}.Release|Any CPU.ActiveCfg = Release|Any CPU
		{EB865A43-541A-149B-5764-5FEDC5AC5ED9}.Release|Any CPU.Build.0 = Release|Any CPU
	EndGlobalSection
	GlobalSection(SolutionProperties) = preSolution
		HideSolutionNode = FALSE
	EndGlobalSection
	GlobalSection(NestedProjects) = preSolution
		{EB865A43-541A-149B-5764-5FEDC5AC5ED9} = {0AB3BF05-4346-4AA6-1389-037BE0695223}
	EndGlobalSection
	GlobalSection(ExtensibilityGlobals) = postSolution
		SolutionGuid = {1DC3E7EA-A03C-48FB-8737-30ACC34EDAF9}
	EndGlobalSection
EndGlobal
